// !$*UTF8*$!
{
	archiveVersion = 1;
	classes = {
	};
	objectVersion = 48;
	objects = {

/* Begin PBXBuildFile section */
		150B29EE200FC47E00EACECF /* Property List.plist in Resources */ = {isa = PBXBuildFile; fileRef = 150B29ED200FC47E00EACECF /* Property List.plist */; };
		150B29F0200FC7A500EACECF /* SafariServices.framework in Frameworks */ = {isa = PBXBuildFile; fileRef = 150B29EF200FC7A500EACECF /* SafariServices.framework */; };
		150B29F4200FCFFA00EACECF /* TweetItem.m in Sources */ = {isa = PBXBuildFile; fileRef = 150B29F3200FCFFA00EACECF /* TweetItem.m */; };
		150B29F8200FD04F00EACECF /* TweetItemTableViewCell.m in Sources */ = {isa = PBXBuildFile; fileRef = 150B29F6200FD04F00EACECF /* TweetItemTableViewCell.m */; };
		150B29F9200FD04F00EACECF /* TweetItemTableViewCell.xib in Resources */ = {isa = PBXBuildFile; fileRef = 150B29F7200FD04F00EACECF /* TweetItemTableViewCell.xib */; };
		151D211A2010262500CE9946 /* Twitter-icon.png in Resources */ = {isa = PBXBuildFile; fileRef = 151D21192010262500CE9946 /* Twitter-icon.png */; };
		151D212520102AD900CE9946 /* MyTweetsTableViewController.m in Sources */ = {isa = PBXBuildFile; fileRef = 151D212320102AD900CE9946 /* MyTweetsTableViewController.m */; };
		151D212620102AD900CE9946 /* MyTweetsTableViewController.xib in Resources */ = {isa = PBXBuildFile; fileRef = 151D212420102AD900CE9946 /* MyTweetsTableViewController.xib */; };
		151D212B2010404300CE9946 /* Mickey_Mouse.png in Resources */ = {isa = PBXBuildFile; fileRef = 151D212A2010404300CE9946 /* Mickey_Mouse.png */; };
		40AAE52D7A5FE408420EA867 /* Pods_TwitterIntegration.framework in Frameworks */ = {isa = PBXBuildFile; fileRef = D80BB3133038AE7F3791C78B /* Pods_TwitterIntegration.framework */; };
		5216C4A3200D5B64007701E7 /* AppDelegate.m in Sources */ = {isa = PBXBuildFile; fileRef = 5216C4A2200D5B64007701E7 /* AppDelegate.m */; };
		5216C4AB200D5B64007701E7 /* Assets.xcassets in Resources */ = {isa = PBXBuildFile; fileRef = 5216C4AA200D5B64007701E7 /* Assets.xcassets */; };
		5216C4B1200D5B64007701E7 /* main.m in Sources */ = {isa = PBXBuildFile; fileRef = 5216C4B0200D5B64007701E7 /* main.m */; };
		5216C4BC200D5BE1007701E7 /* LoginViewController.m in Sources */ = {isa = PBXBuildFile; fileRef = 5216C4BA200D5BE1007701E7 /* LoginViewController.m */; };
		5216C4BD200D5BE1007701E7 /* LoginViewController.xib in Resources */ = {isa = PBXBuildFile; fileRef = 5216C4BB200D5BE1007701E7 /* LoginViewController.xib */; };
/* End PBXBuildFile section */

/* Begin PBXFileReference section */
		150B29ED200FC47E00EACECF /* Property List.plist */ = {isa = PBXFileReference; lastKnownFileType = text.plist.xml; path = "Property List.plist"; sourceTree = "<group>"; };
		150B29EF200FC7A500EACECF /* SafariServices.framework */ = {isa = PBXFileReference; lastKnownFileType = wrapper.framework; name = SafariServices.framework; path = System/Library/Frameworks/SafariServices.framework; sourceTree = SDKROOT; };
		150B29F2200FCFFA00EACECF /* TweetItem.h */ = {isa = PBXFileReference; lastKnownFileType = sourcecode.c.h; path = TweetItem.h; sourceTree = "<group>"; };
		150B29F3200FCFFA00EACECF /* TweetItem.m */ = {isa = PBXFileReference; lastKnownFileType = sourcecode.c.objc; path = TweetItem.m; sourceTree = "<group>"; };
		150B29F5200FD04F00EACECF /* TweetItemTableViewCell.h */ = {isa = PBXFileReference; lastKnownFileType = sourcecode.c.h; path = TweetItemTableViewCell.h; sourceTree = "<group>"; };
		150B29F6200FD04F00EACECF /* TweetItemTableViewCell.m */ = {isa = PBXFileReference; lastKnownFileType = sourcecode.c.objc; path = TweetItemTableViewCell.m; sourceTree = "<group>"; };
		150B29F7200FD04F00EACECF /* TweetItemTableViewCell.xib */ = {isa = PBXFileReference; lastKnownFileType = file.xib; path = TweetItemTableViewCell.xib; sourceTree = "<group>"; };
		151D21192010262500CE9946 /* Twitter-icon.png */ = {isa = PBXFileReference; lastKnownFileType = image.png; path = "Twitter-icon.png"; sourceTree = "<group>"; };
		151D212220102AD900CE9946 /* MyTweetsTableViewController.h */ = {isa = PBXFileReference; lastKnownFileType = sourcecode.c.h; path = MyTweetsTableViewController.h; sourceTree = "<group>"; };
		151D212320102AD900CE9946 /* MyTweetsTableViewController.m */ = {isa = PBXFileReference; lastKnownFileType = sourcecode.c.objc; path = MyTweetsTableViewController.m; sourceTree = "<group>"; };
		151D212420102AD900CE9946 /* MyTweetsTableViewController.xib */ = {isa = PBXFileReference; lastKnownFileType = file.xib; path = MyTweetsTableViewController.xib; sourceTree = "<group>"; };
		151D212A2010404300CE9946 /* Mickey_Mouse.png */ = {isa = PBXFileReference; lastKnownFileType = image.png; path = Mickey_Mouse.png; sourceTree = "<group>"; };
		5216C49E200D5B64007701E7 /* TwitterIntegration.app */ = {isa = PBXFileReference; explicitFileType = wrapper.application; includeInIndex = 0; path = TwitterIntegration.app; sourceTree = BUILT_PRODUCTS_DIR; };
		5216C4A1200D5B64007701E7 /* AppDelegate.h */ = {isa = PBXFileReference; lastKnownFileType = sourcecode.c.h; path = AppDelegate.h; sourceTree = "<group>"; };
		5216C4A2200D5B64007701E7 /* AppDelegate.m */ = {isa = PBXFileReference; lastKnownFileType = sourcecode.c.objc; path = AppDelegate.m; sourceTree = "<group>"; };
		5216C4AA200D5B64007701E7 /* Assets.xcassets */ = {isa = PBXFileReference; lastKnownFileType = folder.assetcatalog; path = Assets.xcassets; sourceTree = "<group>"; };
		5216C4AF200D5B64007701E7 /* Info.plist */ = {isa = PBXFileReference; lastKnownFileType = text.plist.xml; path = Info.plist; sourceTree = "<group>"; };
		5216C4B0200D5B64007701E7 /* main.m */ = {isa = PBXFileReference; lastKnownFileType = sourcecode.c.objc; path = main.m; sourceTree = "<group>"; };
		5216C4B9200D5BE1007701E7 /* LoginViewController.h */ = {isa = PBXFileReference; lastKnownFileType = sourcecode.c.h; path = LoginViewController.h; sourceTree = "<group>"; };
		5216C4BA200D5BE1007701E7 /* LoginViewController.m */ = {isa = PBXFileReference; lastKnownFileType = sourcecode.c.objc; path = LoginViewController.m; sourceTree = "<group>"; };
		5216C4BB200D5BE1007701E7 /* LoginViewController.xib */ = {isa = PBXFileReference; lastKnownFileType = file.xib; path = LoginViewController.xib; sourceTree = "<group>"; };
		85B4946D540B22C22C92AEFA /* Pods-TwitterIntegration.release.xcconfig */ = {isa = PBXFileReference; includeInIndex = 1; lastKnownFileType = text.xcconfig; name = "Pods-TwitterIntegration.release.xcconfig"; path = "Pods/Target Support Files/Pods-TwitterIntegration/Pods-TwitterIntegration.release.xcconfig"; sourceTree = "<group>"; };
		D80BB3133038AE7F3791C78B /* Pods_TwitterIntegration.framework */ = {isa = PBXFileReference; explicitFileType = wrapper.framework; includeInIndex = 0; path = Pods_TwitterIntegration.framework; sourceTree = BUILT_PRODUCTS_DIR; };
		F03682B8DFA8112CDA20CFB8 /* Pods-TwitterIntegration.debug.xcconfig */ = {isa = PBXFileReference; includeInIndex = 1; lastKnownFileType = text.xcconfig; name = "Pods-TwitterIntegration.debug.xcconfig"; path = "Pods/Target Support Files/Pods-TwitterIntegration/Pods-TwitterIntegration.debug.xcconfig"; sourceTree = "<group>"; };
/* End PBXFileReference section */

/* Begin PBXFrameworksBuildPhase section */
		5216C49B200D5B64007701E7 /* Frameworks */ = {
			isa = PBXFrameworksBuildPhase;
			buildActionMask = 2147483647;
			files = (
				150B29F0200FC7A500EACECF /* SafariServices.framework in Frameworks */,
				40AAE52D7A5FE408420EA867 /* Pods_TwitterIntegration.framework in Frameworks */,
			);
			runOnlyForDeploymentPostprocessing = 0;
		};
/* End PBXFrameworksBuildPhase section */

/* Begin PBXGroup section */
		150B29F1200FCFE100EACECF /* Models */ = {
			isa = PBXGroup;
			children = (
				150B29F2200FCFFA00EACECF /* TweetItem.h */,
				150B29F3200FCFFA00EACECF /* TweetItem.m */,
			);
			path = Models;
			sourceTree = "<group>";
		};
		150B29FA200FD0BC00EACECF /* Assets */ = {
			isa = PBXGroup;
			children = (
				151D21192010262500CE9946 /* Twitter-icon.png */,
			);
			path = Assets;
			sourceTree = "<group>";
		};
		151D21272010400B00CE9946 /* Resources */ = {
			isa = PBXGroup;
			children = (
				151D212A2010404300CE9946 /* Mickey_Mouse.png */,
			);
			path = Resources;
			sourceTree = "<group>";
		};
		1597BC2F200E84C800F2EB71 /* TableViewCell */ = {
			isa = PBXGroup;
			children = (
				150B29F5200FD04F00EACECF /* TweetItemTableViewCell.h */,
				150B29F6200FD04F00EACECF /* TweetItemTableViewCell.m */,
				150B29F7200FD04F00EACECF /* TweetItemTableViewCell.xib */,
			);
			path = TableViewCell;
			sourceTree = "<group>";
		};
		5216C495200D5B64007701E7 = {
			isa = PBXGroup;
			children = (
				150B29ED200FC47E00EACECF /* Property List.plist */,
				5216C4A0200D5B64007701E7 /* TwitterIntegration */,
				5216C49F200D5B64007701E7 /* Products */,
				BF66DC659022C8498184523F /* Pods */,
				993DD8BFC24CF7A9F96943F3 /* Frameworks */,
			);
			sourceTree = "<group>";
		};
		5216C49F200D5B64007701E7 /* Products */ = {
			isa = PBXGroup;
			children = (
				5216C49E200D5B64007701E7 /* TwitterIntegration.app */,
			);
			name = Products;
			sourceTree = "<group>";
		};
		5216C4A0200D5B64007701E7 /* TwitterIntegration */ = {
			isa = PBXGroup;
			children = (
				151D21272010400B00CE9946 /* Resources */,
				150B29FA200FD0BC00EACECF /* Assets */,
				150B29F1200FCFE100EACECF /* Models */,
				1597BC2F200E84C800F2EB71 /* TableViewCell */,
				5216C4B8200D5BD2007701E7 /* View Controllers */,
				5216C4B7200D5BAD007701E7 /* App Delegate */,
				5216C4AA200D5B64007701E7 /* Assets.xcassets */,
				5216C4AF200D5B64007701E7 /* Info.plist */,
				5216C4B0200D5B64007701E7 /* main.m */,
			);
			path = TwitterIntegration;
			sourceTree = "<group>";
		};
		5216C4B7200D5BAD007701E7 /* App Delegate */ = {
			isa = PBXGroup;
			children = (
				5216C4A1200D5B64007701E7 /* AppDelegate.h */,
				5216C4A2200D5B64007701E7 /* AppDelegate.m */,
			);
			path = "App Delegate";
			sourceTree = "<group>";
		};
		5216C4B8200D5BD2007701E7 /* View Controllers */ = {
			isa = PBXGroup;
			children = (
				5216C4B9200D5BE1007701E7 /* LoginViewController.h */,
				5216C4BA200D5BE1007701E7 /* LoginViewController.m */,
				5216C4BB200D5BE1007701E7 /* LoginViewController.xib */,
				151D212220102AD900CE9946 /* MyTweetsTableViewController.h */,
				151D212320102AD900CE9946 /* MyTweetsTableViewController.m */,
				151D212420102AD900CE9946 /* MyTweetsTableViewController.xib */,
			);
			path = "View Controllers";
			sourceTree = "<group>";
		};
		993DD8BFC24CF7A9F96943F3 /* Frameworks */ = {
			isa = PBXGroup;
			children = (
				150B29EF200FC7A500EACECF /* SafariServices.framework */,
				D80BB3133038AE7F3791C78B /* Pods_TwitterIntegration.framework */,
			);
			name = Frameworks;
			sourceTree = "<group>";
		};
		BF66DC659022C8498184523F /* Pods */ = {
			isa = PBXGroup;
			children = (
				F03682B8DFA8112CDA20CFB8 /* Pods-TwitterIntegration.debug.xcconfig */,
				85B4946D540B22C22C92AEFA /* Pods-TwitterIntegration.release.xcconfig */,
			);
			name = Pods;
			sourceTree = "<group>";
		};
/* End PBXGroup section */

/* Begin PBXNativeTarget section */
		5216C49D200D5B64007701E7 /* TwitterIntegration */ = {
			isa = PBXNativeTarget;
			buildConfigurationList = 5216C4B4200D5B64007701E7 /* Build configuration list for PBXNativeTarget "TwitterIntegration" */;
			buildPhases = (
				13FBCF9024F58CF5E38E8E5A /* [CP] Check Pods Manifest.lock */,
				5216C49A200D5B64007701E7 /* Sources */,
				5216C49B200D5B64007701E7 /* Frameworks */,
				5216C49C200D5B64007701E7 /* Resources */,
				01AFF8AE1B0B0D18CB79176E /* [CP] Embed Pods Frameworks */,
				2521ABDD0510D88643082710 /* [CP] Copy Pods Resources */,
			);
			buildRules = (
			);
			dependencies = (
			);
			name = TwitterIntegration;
			productName = TwitterIntegration;
			productReference = 5216C49E200D5B64007701E7 /* TwitterIntegration.app */;
			productType = "com.apple.product-type.application";
		};
/* End PBXNativeTarget section */

/* Begin PBXProject section */
		5216C496200D5B64007701E7 /* Project object */ = {
			isa = PBXProject;
			attributes = {
				LastUpgradeCheck = 0910;
				ORGANIZATIONNAME = "Meet Shah";
				TargetAttributes = {
					5216C49D200D5B64007701E7 = {
						CreatedOnToolsVersion = 9.1;
						ProvisioningStyle = Automatic;
					};
				};
			};
			buildConfigurationList = 5216C499200D5B64007701E7 /* Build configuration list for PBXProject "TwitterIntegration" */;
			compatibilityVersion = "Xcode 8.0";
			developmentRegion = en;
			hasScannedForEncodings = 0;
			knownRegions = (
				en,
				Base,
			);
			mainGroup = 5216C495200D5B64007701E7;
			productRefGroup = 5216C49F200D5B64007701E7 /* Products */;
			projectDirPath = "";
			projectRoot = "";
			targets = (
				5216C49D200D5B64007701E7 /* TwitterIntegration */,
			);
		};
/* End PBXProject section */

/* Begin PBXResourcesBuildPhase section */
		5216C49C200D5B64007701E7 /* Resources */ = {
			isa = PBXResourcesBuildPhase;
			buildActionMask = 2147483647;
			files = (
				151D212B2010404300CE9946 /* Mickey_Mouse.png in Resources */,
				5216C4BD200D5BE1007701E7 /* LoginViewController.xib in Resources */,
				151D212620102AD900CE9946 /* MyTweetsTableViewController.xib in Resources */,
				5216C4AB200D5B64007701E7 /* Assets.xcassets in Resources */,
				150B29EE200FC47E00EACECF /* Property List.plist in Resources */,
				150B29F9200FD04F00EACECF /* TweetItemTableViewCell.xib in Resources */,
				151D211A2010262500CE9946 /* Twitter-icon.png in Resources */,
			);
			runOnlyForDeploymentPostprocessing = 0;
		};
/* End PBXResourcesBuildPhase section */

/* Begin PBXShellScriptBuildPhase section */
		01AFF8AE1B0B0D18CB79176E /* [CP] Embed Pods Frameworks */ = {
			isa = PBXShellScriptBuildPhase;
			buildActionMask = 2147483647;
			files = (
			);
			inputPaths = (
				"${SRCROOT}/Pods/Target Support Files/Pods-TwitterIntegration/Pods-TwitterIntegration-frameworks.sh",
				"${BUILT_PRODUCTS_DIR}/MBProgressHUD/MBProgressHUD.framework",
				"${PODS_ROOT}/TwitterCore/iOS/TwitterCore.framework",
				"${PODS_ROOT}/TwitterKit/iOS/TwitterKit.framework",
			);
			name = "[CP] Embed Pods Frameworks";
			outputPaths = (
				"${TARGET_BUILD_DIR}/${FRAMEWORKS_FOLDER_PATH}/MBProgressHUD.framework",
				"${TARGET_BUILD_DIR}/${FRAMEWORKS_FOLDER_PATH}/TwitterCore.framework",
				"${TARGET_BUILD_DIR}/${FRAMEWORKS_FOLDER_PATH}/TwitterKit.framework",
			);
			runOnlyForDeploymentPostprocessing = 0;
			shellPath = /bin/sh;
			shellScript = "\"${SRCROOT}/Pods/Target Support Files/Pods-TwitterIntegration/Pods-TwitterIntegration-frameworks.sh\"\n";
			showEnvVarsInLog = 0;
		};
		13FBCF9024F58CF5E38E8E5A /* [CP] Check Pods Manifest.lock */ = {
			isa = PBXShellScriptBuildPhase;
			buildActionMask = 2147483647;
			files = (
			);
			inputPaths = (
				"${PODS_PODFILE_DIR_PATH}/Podfile.lock",
				"${PODS_ROOT}/Manifest.lock",
			);
			name = "[CP] Check Pods Manifest.lock";
			outputPaths = (
				"$(DERIVED_FILE_DIR)/Pods-TwitterIntegration-checkManifestLockResult.txt",
			);
			runOnlyForDeploymentPostprocessing = 0;
			shellPath = /bin/sh;
			shellScript = "diff \"${PODS_PODFILE_DIR_PATH}/Podfile.lock\" \"${PODS_ROOT}/Manifest.lock\" > /dev/null\nif [ $? != 0 ] ; then\n    # print error to STDERR\n    echo \"error: The sandbox is not in sync with the Podfile.lock. Run 'pod install' or update your CocoaPods installation.\" >&2\n    exit 1\nfi\n# This output is used by Xcode 'outputs' to avoid re-running this script phase.\necho \"SUCCESS\" > \"${SCRIPT_OUTPUT_FILE_0}\"\n";
			showEnvVarsInLog = 0;
		};
		2521ABDD0510D88643082710 /* [CP] Copy Pods Resources */ = {
			isa = PBXShellScriptBuildPhase;
			buildActionMask = 2147483647;
			files = (
			);
			inputPaths = (
				"${SRCROOT}/Pods/Target Support Files/Pods-TwitterIntegration/Pods-TwitterIntegration-resources.sh",
				"${PODS_ROOT}/TwitterKit/iOS/TwitterKit.framework/TwitterKitResources.bundle",
				"${PODS_ROOT}/TwitterKit/iOS/TwitterKit.framework/TwitterShareExtensionUIResources.bundle",
			);
			name = "[CP] Copy Pods Resources";
			outputPaths = (
				"${TARGET_BUILD_DIR}/${UNLOCALIZED_RESOURCES_FOLDER_PATH}",
			);
			runOnlyForDeploymentPostprocessing = 0;
			shellPath = /bin/sh;
			shellScript = "\"${SRCROOT}/Pods/Target Support Files/Pods-TwitterIntegration/Pods-TwitterIntegration-resources.sh\"\n";
			showEnvVarsInLog = 0;
		};
/* End PBXShellScriptBuildPhase section */

/* Begin PBXSourcesBuildPhase section */
		5216C49A200D5B64007701E7 /* Sources */ = {
			isa = PBXSourcesBuildPhase;
			buildActionMask = 2147483647;
			files = (
				151D212520102AD900CE9946 /* MyTweetsTableViewController.m in Sources */,
				5216C4B1200D5B64007701E7 /* main.m in Sources */,
				150B29F8200FD04F00EACECF /* TweetItemTableViewCell.m in Sources */,
				5216C4A3200D5B64007701E7 /* AppDelegate.m in Sources */,
				150B29F4200FCFFA00EACECF /* TweetItem.m in Sources */,
				5216C4BC200D5BE1007701E7 /* LoginViewController.m in Sources */,
			);
			runOnlyForDeploymentPostprocessing = 0;
		};
/* End PBXSourcesBuildPhase section */

/* Begin XCBuildConfiguration section */
		5216C4B2200D5B64007701E7 /* Debug */ = {
			isa = XCBuildConfiguration;
			buildSettings = {
				ALWAYS_SEARCH_USER_PATHS = NO;
				CLANG_ANALYZER_NONNULL = YES;
				CLANG_ANALYZER_NUMBER_OBJECT_CONVERSION = YES_AGGRESSIVE;
				CLANG_CXX_LANGUAGE_STANDARD = "gnu++14";
				CLANG_CXX_LIBRARY = "libc++";
				CLANG_ENABLE_MODULES = YES;
				CLANG_ENABLE_OBJC_ARC = YES;
				CLANG_WARN_BLOCK_CAPTURE_AUTORELEASING = YES;
				CLANG_WARN_BOOL_CONVERSION = YES;
				CLANG_WARN_COMMA = YES;
				CLANG_WARN_CONSTANT_CONVERSION = YES;
				CLANG_WARN_DIRECT_OBJC_ISA_USAGE = YES_ERROR;
				CLANG_WARN_DOCUMENTATION_COMMENTS = YES;
				CLANG_WARN_EMPTY_BODY = YES;
				CLANG_WARN_ENUM_CONVERSION = YES;
				CLANG_WARN_INFINITE_RECURSION = YES;
				CLANG_WARN_INT_CONVERSION = YES;
				CLANG_WARN_NON_LITERAL_NULL_CONVERSION = YES;
				CLANG_WARN_OBJC_LITERAL_CONVERSION = YES;
				CLANG_WARN_OBJC_ROOT_CLASS = YES_ERROR;
				CLANG_WARN_RANGE_LOOP_ANALYSIS = YES;
				CLANG_WARN_STRICT_PROTOTYPES = YES;
				CLANG_WARN_SUSPICIOUS_MOVE = YES;
				CLANG_WARN_UNGUARDED_AVAILABILITY = YES_AGGRESSIVE;
				CLANG_WARN_UNREACHABLE_CODE = YES;
				CLANG_WARN__DUPLICATE_METHOD_MATCH = YES;
				CODE_SIGN_IDENTITY = "iPhone Developer";
				COPY_PHASE_STRIP = NO;
				DEBUG_INFORMATION_FORMAT = dwarf;
				ENABLE_STRICT_OBJC_MSGSEND = YES;
				ENABLE_TESTABILITY = YES;
				GCC_C_LANGUAGE_STANDARD = gnu11;
				GCC_DYNAMIC_NO_PIC = NO;
				GCC_NO_COMMON_BLOCKS = YES;
				GCC_OPTIMIZATION_LEVEL = 0;
				GCC_PREPROCESSOR_DEFINITIONS = (
					"DEBUG=1",
					"$(inherited)",
				);
				GCC_WARN_64_TO_32_BIT_CONVERSION = YES;
				GCC_WARN_ABOUT_RETURN_TYPE = YES_ERROR;
				GCC_WARN_UNDECLARED_SELECTOR = YES;
				GCC_WARN_UNINITIALIZED_AUTOS = YES_AGGRESSIVE;
				GCC_WARN_UNUSED_FUNCTION = YES;
				GCC_WARN_UNUSED_VARIABLE = YES;
				IPHONEOS_DEPLOYMENT_TARGET = 11.1;
				MTL_ENABLE_DEBUG_INFO = YES;
				ONLY_ACTIVE_ARCH = YES;
				SDKROOT = iphoneos;
			};
			name = Debug;
		};
		5216C4B3200D5B64007701E7 /* Release */ = {
			isa = XCBuildConfiguration;
			buildSettings = {
				ALWAYS_SEARCH_USER_PATHS = NO;
				CLANG_ANALYZER_NONNULL = YES;
				CLANG_ANALYZER_NUMBER_OBJECT_CONVERSION = YES_AGGRESSIVE;
				CLANG_CXX_LANGUAGE_STANDARD = "gnu++14";
				CLANG_CXX_LIBRARY = "libc++";
				CLANG_ENABLE_MODULES = YES;
				CLANG_ENABLE_OBJC_ARC = YES;
				CLANG_WARN_BLOCK_CAPTURE_AUTORELEASING = YES;
				CLANG_WARN_BOOL_CONVERSION = YES;
				CLANG_WARN_COMMA = YES;
				CLANG_WARN_CONSTANT_CONVERSION = YES;
				CLANG_WARN_DIRECT_OBJC_ISA_USAGE = YES_ERROR;
				CLANG_WARN_DOCUMENTATION_COMMENTS = YES;
				CLANG_WARN_EMPTY_BODY = YES;
				CLANG_WARN_ENUM_CONVERSION = YES;
				CLANG_WARN_INFINITE_RECURSION = YES;
				CLANG_WARN_INT_CONVERSION = YES;
				CLANG_WARN_NON_LITERAL_NULL_CONVERSION = YES;
				CLANG_WARN_OBJC_LITERAL_CONVERSION = YES;
				CLANG_WARN_OBJC_ROOT_CLASS = YES_ERROR;
				CLANG_WARN_RANGE_LOOP_ANALYSIS = YES;
				CLANG_WARN_STRICT_PROTOTYPES = YES;
				CLANG_WARN_SUSPICIOUS_MOVE = YES;
				CLANG_WARN_UNGUARDED_AVAILABILITY = YES_AGGRESSIVE;
				CLANG_WARN_UNREACHABLE_CODE = YES;
				CLANG_WARN__DUPLICATE_METHOD_MATCH = YES;
				CODE_SIGN_IDENTITY = "iPhone Developer";
				COPY_PHASE_STRIP = NO;
				DEBUG_INFORMATION_FORMAT = "dwarf-with-dsym";
				ENABLE_NS_ASSERTIONS = NO;
				ENABLE_STRICT_OBJC_MSGSEND = YES;
				GCC_C_LANGUAGE_STANDARD = gnu11;
				GCC_NO_COMMON_BLOCKS = YES;
				GCC_WARN_64_TO_32_BIT_CONVERSION = YES;
				GCC_WARN_ABOUT_RETURN_TYPE = YES_ERROR;
				GCC_WARN_UNDECLARED_SELECTOR = YES;
				GCC_WARN_UNINITIALIZED_AUTOS = YES_AGGRESSIVE;
				GCC_WARN_UNUSED_FUNCTION = YES;
				GCC_WARN_UNUSED_VARIABLE = YES;
				IPHONEOS_DEPLOYMENT_TARGET = 11.1;
				MTL_ENABLE_DEBUG_INFO = NO;
				SDKROOT = iphoneos;
				VALIDATE_PRODUCT = YES;
			};
			name = Release;
		};
		5216C4B5200D5B64007701E7 /* Debug */ = {
			isa = XCBuildConfiguration;
			baseConfigurationReference = F03682B8DFA8112CDA20CFB8 /* Pods-TwitterIntegration.debug.xcconfig */;
			buildSettings = {
				ASSETCATALOG_COMPILER_APPICON_NAME = AppIcon;
				CODE_SIGN_STYLE = Automatic;
				DEVELOPMENT_TEAM = RQ6CCQ3QDT;
				INFOPLIST_FILE = TwitterIntegration/Info.plist;
				IPHONEOS_DEPLOYMENT_TARGET = 11.0;
				LD_RUNPATH_SEARCH_PATHS = "$(inherited) @executable_path/Frameworks";
				PRODUCT_BUNDLE_IDENTIFIER = com.meetshah.TwitterIntegration;
				PRODUCT_NAME = "$(TARGET_NAME)";
				TARGETED_DEVICE_FAMILY = "1,2";
			};
			name = Debug;
		};
		5216C4B6200D5B64007701E7 /* Release */ = {
			isa = XCBuildConfiguration;
			baseConfigurationReference = 85B4946D540B22C22C92AEFA /* Pods-TwitterIntegration.release.xcconfig */;
			buildSettings = {
				ASSETCATALOG_COMPILER_APPICON_NAME = AppIcon;
				CODE_SIGN_STYLE = Automatic;
				DEVELOPMENT_TEAM = RQ6CCQ3QDT;
				INFOPLIST_FILE = TwitterIntegration/Info.plist;
				IPHONEOS_DEPLOYMENT_TARGET = 11.0;
				LD_RUNPATH_SEARCH_PATHS = "$(inherited) @executable_path/Frameworks";
				PRODUCT_BUNDLE_IDENTIFIER = com.meetshah.TwitterIntegration;
				PRODUCT_NAME = "$(TARGET_NAME)";
				TARGETED_DEVICE_FAMILY = "1,2";
			};
			name = Release;
		};
/* End XCBuildConfiguration section */

/* Begin XCConfigurationList section */
		5216C499200D5B64007701E7 /* Build configuration list for PBXProject "TwitterIntegration" */ = {
			isa = XCConfigurationList;
			buildConfigurations = (
				5216C4B2200D5B64007701E7 /* Debug */,
				5216C4B3200D5B64007701E7 /* Release */,
			);
			defaultConfigurationIsVisible = 0;
			defaultConfigurationName = Release;
		};
		5216C4B4200D5B64007701E7 /* Build configuration list for PBXNativeTarget "TwitterIntegration" */ = {
			isa = XCConfigurationList;
			buildConfigurations = (
				5216C4B5200D5B64007701E7 /* Debug */,
				5216C4B6200D5B64007701E7 /* Release */,
			);
			defaultConfigurationIsVisible = 0;
			defaultConfigurationName = Release;
		};
/* End XCConfigurationList section */
	};
	rootObject = 5216C496200D5B64007701E7 /* Project object */;
}
